
Microsoft Visual Studio Solution File, Format Version 12.00
Project("{FAE04EC0-301F-11D3-BF4B-00C04F79EFBC}") = "SearchEngineAgents", "SearchEngineAgents.csproj", "{E5692321-83E4-4D51-8123-3C578BB0BA10}"
EndProject
Project("{FAE04EC0-301F-11D3-BF4B-00C04F79EFBC}") = "SearchEngineAgentsAPI", "..\SearchEngineAgentsAPI\SearchEngineAgentsAPI.csproj", "{538B0D62-4B68-4AD4-8280-4B17FD025F9B}"
EndProject
Global
	GlobalSection(SolutionConfigurationPlatforms) = preSolution
		Debug|Any CPU = Debug|Any CPU
		Release|Any CPU = Release|Any CPU
	EndGlobalSection
	GlobalSection(ProjectConfigurationPlatforms) = postSolution
		{E5692321-83E4-4D51-8123-3C578BB0BA10}.Debug|Any CPU.ActiveCfg = Debug|Any CPU
		{E5692321-83E4-4D51-8123-3C578BB0BA10}.Debug|Any CPU.Build.0 = Debug|Any CPU
		{E5692321-83E4-4D51-8123-3C578BB0BA10}.Release|Any CPU.ActiveCfg = Release|Any CPU
		{E5692321-83E4-4D51-8123-3C578BB0BA10}.Release|Any CPU.Build.0 = Release|Any CPU
		{538B0D62-4B68-4AD4-8280-4B17FD025F9B}.Debug|Any CPU.ActiveCfg = Debug|Any CPU
		{538B0D62-4B68-4AD4-8280-4B17FD025F9B}.Debug|Any CPU.Build.0 = Debug|Any CPU
		{538B0D62-4B68-4AD4-8280-4B17FD025F9B}.Release|Any CPU.ActiveCfg = Release|Any CPU
		{538B0D62-4B68-4AD4-8280-4B17FD025F9B}.Release|Any CPU.Build.0 = Release|Any CPU
	EndGlobalSection
EndGlobal
